
Microsoft Visual Studio Solution File, Format Version 12.00
# Visual Studio Version 16
VisualStudioVersion = 16.0.30621.155
MinimumVisualStudioVersion = 10.0.40219.1
Project("{FAE04EC0-301F-11D3-BF4B-00C04F79EFBC}") = "UnversityApp", "UnversityApp.csproj", "{52C55939-3DA8-4B88-8D9A-754737893AAD}"
EndProject
Global
	GlobalSection(SolutionConfigurationPlatforms) = preSolution
		Debug|Any CPU = Debug|Any CPU
		Release|Any CPU = Release|Any CPU
	EndGlobalSection
	GlobalSection(ProjectConfigurationPlatforms) = postSolution
		{52C55939-3DA8-4B88-8D9A-754737893AAD}.Debug|Any CPU.ActiveCfg = Debug|Any CPU
		{52C55939-3DA8-4B88-8D9A-754737893AAD}.Debug|Any CPU.Build.0 = Debug|Any CPU
		{52C55939-3DA8-4B88-8D9A-754737893AAD}.Release|Any CPU.ActiveCfg = Release|Any CPU
		{52C55939-3DA8-4B88-8D9A-754737893AAD}.Release|Any CPU.Build.0 = Release|Any CPU
	EndGlobalSection
	GlobalSection(SolutionProperties) = preSolution
		HideSolutionNode = FALSE
	EndGlobalSection
	GlobalSection(ExtensibilityGlobals) = postSolution
		SolutionGuid = {7FAB5A57-B2B2-48DE-97B1-5B30E74B0EAB}
	EndGlobalSection
EndGlobal
